// !$*UTF8*$!
{
	archiveVersion = 1;
	classes = {
	};
	objectVersion = 77;
	objects = {

/* Begin PBXBuildFile section */
		37136AB42CE0031600A74186 /* XMLCoder in Frameworks */ = {isa = PBXBuildFile; productRef = 37136AB32CE0031600A74186 /* XMLCoder */; };
		374B21512D95E7D600B73804 /* WidgetKit.framework in Frameworks */ = {isa = PBXBuildFile; fileRef = 374B21502D95E7D600B73804 /* WidgetKit.framework */; };
		374B21532D95E7D600B73804 /* SwiftUI.framework in Frameworks */ = {isa = PBXBuildFile; fileRef = 374B21522D95E7D600B73804 /* SwiftUI.framework */; };
		374B21602D95E7D700B73804 /* Seven DayExtension.appex in Embed Foundation Extensions */ = {isa = PBXBuildFile; fileRef = 374B214F2D95E7D600B73804 /* Seven DayExtension.appex */; settings = {ATTRIBUTES = (RemoveHeadersOnCopy, ); }; };
		374B216C2D95EC9600B73804 /* XMLCoder in Frameworks */ = {isa = PBXBuildFile; productRef = 374B216B2D95EC9600B73804 /* XMLCoder */; };
		3762DE8A2CCD75D1005539C2 /* XMLCoder in Frameworks */ = {isa = PBXBuildFile; productRef = 3762DE892CCD75D1005539C2 /* XMLCoder */; };
/* End PBXBuildFile section */

/* Begin PBXContainerItemProxy section */
		37136AA82CDFFE9E00A74186 /* PBXContainerItemProxy */ = {
			isa = PBXContainerItemProxy;
			containerPortal = 3762DE692CCD7308005539C2 /* Project object */;
			proxyType = 1;
			remoteGlobalIDString = 3762DE702CCD7308005539C2;
			remoteInfo = AltWeatherCAN;
		};
		374B215E2D95E7D700B73804 /* PBXContainerItemProxy */ = {
			isa = PBXContainerItemProxy;
			containerPortal = 3762DE692CCD7308005539C2 /* Project object */;
			proxyType = 1;
			remoteGlobalIDString = 374B214E2D95E7D600B73804;
			remoteInfo = "Seven DayExtension";
		};
/* End PBXContainerItemProxy section */

/* Begin PBXCopyFilesBuildPhase section */
		374B21652D95E7D700B73804 /* Embed Foundation Extensions */ = {
			isa = PBXCopyFilesBuildPhase;
			buildActionMask = 2147483647;
			dstPath = "";
			dstSubfolderSpec = 13;
			files = (
				374B21602D95E7D700B73804 /* Seven DayExtension.appex in Embed Foundation Extensions */,
			);
			name = "Embed Foundation Extensions";
			runOnlyForDeploymentPostprocessing = 0;
		};
/* End PBXCopyFilesBuildPhase section */

/* Begin PBXFileReference section */
		37136AA42CDFFE9E00A74186 /* AltWeatherCANTests.xctest */ = {isa = PBXFileReference; explicitFileType = wrapper.cfbundle; includeInIndex = 0; path = AltWeatherCANTests.xctest; sourceTree = BUILT_PRODUCTS_DIR; };
		374B214F2D95E7D600B73804 /* Seven DayExtension.appex */ = {isa = PBXFileReference; explicitFileType = "wrapper.app-extension"; includeInIndex = 0; path = "Seven DayExtension.appex"; sourceTree = BUILT_PRODUCTS_DIR; };
		374B21502D95E7D600B73804 /* WidgetKit.framework */ = {isa = PBXFileReference; lastKnownFileType = wrapper.framework; name = WidgetKit.framework; path = System/Library/Frameworks/WidgetKit.framework; sourceTree = SDKROOT; };
		374B21522D95E7D600B73804 /* SwiftUI.framework */ = {isa = PBXFileReference; lastKnownFileType = wrapper.framework; name = SwiftUI.framework; path = System/Library/Frameworks/SwiftUI.framework; sourceTree = SDKROOT; };
		3762DE712CCD7308005539C2 /* AltWeatherCAN.app */ = {isa = PBXFileReference; explicitFileType = wrapper.application; includeInIndex = 0; path = AltWeatherCAN.app; sourceTree = BUILT_PRODUCTS_DIR; };
/* End PBXFileReference section */

/* Begin PBXFileSystemSynchronizedBuildFileExceptionSet section */
		37136AB02CE0012E00A74186 /* Exceptions for "AltWeatherCan" folder in "AltWeatherCANTests" target */ = {
			isa = PBXFileSystemSynchronizedBuildFileExceptionSet;
			membershipExceptions = (
				Citypage.swift,
				Site.swift,
			);
			target = 37136AA32CDFFE9E00A74186 /* AltWeatherCANTests */;
		};
		374B21642D95E7D700B73804 /* Exceptions for "Seven Day" folder in "Seven DayExtension" target */ = {
			isa = PBXFileSystemSynchronizedBuildFileExceptionSet;
			membershipExceptions = (
				Info.plist,
			);
			target = 374B214E2D95E7D600B73804 /* Seven DayExtension */;
		};
		374B21672D95EC0200B73804 /* Exceptions for "AltWeatherCan" folder in "Seven DayExtension" target */ = {
			isa = PBXFileSystemSynchronizedBuildFileExceptionSet;
			membershipExceptions = (
				Citypage.swift,
				DataDownloader.swift,
				Horizontal7DayView.swift,
				Horizontal7DayViewForWidget.swift,
				Site.swift,
				WeatherIcons.xcassets,
			);
			target = 374B214E2D95E7D600B73804 /* Seven DayExtension */;
		};
		378F01FF2CD16B0B00BA7274 /* Exceptions for "AltWeatherCan" folder in "AltWeatherCAN" target */ = {
			isa = PBXFileSystemSynchronizedBuildFileExceptionSet;
			membershipExceptions = (
				Info.plist,
			);
			target = 3762DE702CCD7308005539C2 /* AltWeatherCAN */;
		};
/* End PBXFileSystemSynchronizedBuildFileExceptionSet section */

/* Begin PBXFileSystemSynchronizedRootGroup section */
		37136AA52CDFFE9E00A74186 /* AltWeatherCANTests */ = {
			isa = PBXFileSystemSynchronizedRootGroup;
			path = AltWeatherCANTests;
			sourceTree = "<group>";
		};
		374B21542D95E7D600B73804 /* Seven Day */ = {
			isa = PBXFileSystemSynchronizedRootGroup;
			exceptions = (
				374B21642D95E7D700B73804 /* Exceptions for "Seven Day" folder in "Seven DayExtension" target */,
			);
			path = "Seven Day";
			sourceTree = "<group>";
		};
		3762DE732CCD7308005539C2 /* AltWeatherCan */ = {
			isa = PBXFileSystemSynchronizedRootGroup;
			exceptions = (
				378F01FF2CD16B0B00BA7274 /* Exceptions for "AltWeatherCan" folder in "AltWeatherCAN" target */,
				37136AB02CE0012E00A74186 /* Exceptions for "AltWeatherCan" folder in "AltWeatherCANTests" target */,
				374B21672D95EC0200B73804 /* Exceptions for "AltWeatherCan" folder in "Seven DayExtension" target */,
			);
			path = AltWeatherCan;
			sourceTree = "<group>";
		};
/* End PBXFileSystemSynchronizedRootGroup section */

/* Begin PBXFrameworksBuildPhase section */
		37136AA12CDFFE9E00A74186 /* Frameworks */ = {
			isa = PBXFrameworksBuildPhase;
			buildActionMask = 2147483647;
			files = (
				37136AB42CE0031600A74186 /* XMLCoder in Frameworks */,
			);
			runOnlyForDeploymentPostprocessing = 0;
		};
		374B214C2D95E7D600B73804 /* Frameworks */ = {
			isa = PBXFrameworksBuildPhase;
			buildActionMask = 2147483647;
			files = (
				374B216C2D95EC9600B73804 /* XMLCoder in Frameworks */,
				374B21532D95E7D600B73804 /* SwiftUI.framework in Frameworks */,
				374B21512D95E7D600B73804 /* WidgetKit.framework in Frameworks */,
			);
			runOnlyForDeploymentPostprocessing = 0;
		};
		3762DE6E2CCD7308005539C2 /* Frameworks */ = {
			isa = PBXFrameworksBuildPhase;
			buildActionMask = 2147483647;
			files = (
				3762DE8A2CCD75D1005539C2 /* XMLCoder in Frameworks */,
			);
			runOnlyForDeploymentPostprocessing = 0;
		};
/* End PBXFrameworksBuildPhase section */

/* Begin PBXGroup section */
		37136AB22CE0031600A74186 /* Frameworks */ = {
			isa = PBXGroup;
			children = (
				374B21502D95E7D600B73804 /* WidgetKit.framework */,
				374B21522D95E7D600B73804 /* SwiftUI.framework */,
			);
			name = Frameworks;
			sourceTree = "<group>";
		};
		3762DE682CCD7308005539C2 = {
			isa = PBXGroup;
			children = (
				3762DE732CCD7308005539C2 /* AltWeatherCan */,
				37136AA52CDFFE9E00A74186 /* AltWeatherCANTests */,
				374B21542D95E7D600B73804 /* Seven Day */,
				37136AB22CE0031600A74186 /* Frameworks */,
				3762DE722CCD7308005539C2 /* Products */,
			);
			sourceTree = "<group>";
		};
		3762DE722CCD7308005539C2 /* Products */ = {
			isa = PBXGroup;
			children = (
				3762DE712CCD7308005539C2 /* AltWeatherCAN.app */,
				37136AA42CDFFE9E00A74186 /* AltWeatherCANTests.xctest */,
				374B214F2D95E7D600B73804 /* Seven DayExtension.appex */,
			);
			name = Products;
			sourceTree = "<group>";
		};
/* End PBXGroup section */

/* Begin PBXNativeTarget section */
		37136AA32CDFFE9E00A74186 /* AltWeatherCANTests */ = {
			isa = PBXNativeTarget;
			buildConfigurationList = 37136AAA2CDFFE9E00A74186 /* Build configuration list for PBXNativeTarget "AltWeatherCANTests" */;
			buildPhases = (
				37136AA02CDFFE9E00A74186 /* Sources */,
				37136AA12CDFFE9E00A74186 /* Frameworks */,
				37136AA22CDFFE9E00A74186 /* Resources */,
			);
			buildRules = (
			);
			dependencies = (
				37136AA92CDFFE9E00A74186 /* PBXTargetDependency */,
			);
			fileSystemSynchronizedGroups = (
				37136AA52CDFFE9E00A74186 /* AltWeatherCANTests */,
			);
			name = AltWeatherCANTests;
			packageProductDependencies = (
				37136AB32CE0031600A74186 /* XMLCoder */,
			);
			productName = AltWeatherCANTests;
			productReference = 37136AA42CDFFE9E00A74186 /* AltWeatherCANTests.xctest */;
			productType = "com.apple.product-type.bundle.unit-test";
		};
		374B214E2D95E7D600B73804 /* Seven DayExtension */ = {
			isa = PBXNativeTarget;
			buildConfigurationList = 374B21612D95E7D700B73804 /* Build configuration list for PBXNativeTarget "Seven DayExtension" */;
			buildPhases = (
				374B214B2D95E7D600B73804 /* Sources */,
				374B214C2D95E7D600B73804 /* Frameworks */,
				374B214D2D95E7D600B73804 /* Resources */,
			);
			buildRules = (
			);
			dependencies = (
			);
			fileSystemSynchronizedGroups = (
				374B21542D95E7D600B73804 /* Seven Day */,
			);
			name = "Seven DayExtension";
			packageProductDependencies = (
				374B216B2D95EC9600B73804 /* XMLCoder */,
			);
			productName = "Seven DayExtension";
			productReference = 374B214F2D95E7D600B73804 /* Seven DayExtension.appex */;
			productType = "com.apple.product-type.app-extension";
		};
		3762DE702CCD7308005539C2 /* AltWeatherCAN */ = {
			isa = PBXNativeTarget;
			buildConfigurationList = 3762DE7F2CCD7309005539C2 /* Build configuration list for PBXNativeTarget "AltWeatherCAN" */;
			buildPhases = (
				3762DE6D2CCD7308005539C2 /* Sources */,
				3762DE6E2CCD7308005539C2 /* Frameworks */,
				3762DE6F2CCD7308005539C2 /* Resources */,
				374B21652D95E7D700B73804 /* Embed Foundation Extensions */,
			);
			buildRules = (
			);
			dependencies = (
				374B215F2D95E7D700B73804 /* PBXTargetDependency */,
			);
			fileSystemSynchronizedGroups = (
				3762DE732CCD7308005539C2 /* AltWeatherCan */,
			);
			name = AltWeatherCAN;
			packageProductDependencies = (
				3762DE892CCD75D1005539C2 /* XMLCoder */,
			);
			productName = AltWeatherCan;
			productReference = 3762DE712CCD7308005539C2 /* AltWeatherCAN.app */;
			productType = "com.apple.product-type.application";
		};
/* End PBXNativeTarget section */

/* Begin PBXProject section */
		3762DE692CCD7308005539C2 /* Project object */ = {
			isa = PBXProject;
			attributes = {
				BuildIndependentTargetsInParallel = 1;
				LastSwiftUpdateCheck = 1630;
				LastUpgradeCheck = 1630;
				TargetAttributes = {
					37136AA32CDFFE9E00A74186 = {
						CreatedOnToolsVersion = 16.1;
						TestTargetID = 3762DE702CCD7308005539C2;
					};
					374B214E2D95E7D600B73804 = {
						CreatedOnToolsVersion = 16.3;
					};
					3762DE702CCD7308005539C2 = {
						CreatedOnToolsVersion = 16.0;
					};
				};
			};
			buildConfigurationList = 3762DE6C2CCD7308005539C2 /* Build configuration list for PBXProject "AltWeatherCAN" */;
			developmentRegion = en;
			hasScannedForEncodings = 0;
			knownRegions = (
				en,
				Base,
			);
			mainGroup = 3762DE682CCD7308005539C2;
			minimizedProjectReferenceProxies = 1;
			packageReferences = (
				3762DE882CCD75D1005539C2 /* XCRemoteSwiftPackageReference "XMLCoder" */,
			);
			preferredProjectObjectVersion = 77;
			productRefGroup = 3762DE722CCD7308005539C2 /* Products */;
			projectDirPath = "";
			projectRoot = "";
			targets = (
				3762DE702CCD7308005539C2 /* AltWeatherCAN */,
				37136AA32CDFFE9E00A74186 /* AltWeatherCANTests */,
				374B214E2D95E7D600B73804 /* Seven DayExtension */,
			);
		};
/* End PBXProject section */

/* Begin PBXResourcesBuildPhase section */
		37136AA22CDFFE9E00A74186 /* Resources */ = {
			isa = PBXResourcesBuildPhase;
			buildActionMask = 2147483647;
			files = (
			);
			runOnlyForDeploymentPostprocessing = 0;
		};
		374B214D2D95E7D600B73804 /* Resources */ = {
			isa = PBXResourcesBuildPhase;
			buildActionMask = 2147483647;
			files = (
			);
			runOnlyForDeploymentPostprocessing = 0;
		};
		3762DE6F2CCD7308005539C2 /* Resources */ = {
			isa = PBXResourcesBuildPhase;
			buildActionMask = 2147483647;
			files = (
			);
			runOnlyForDeploymentPostprocessing = 0;
		};
/* End PBXResourcesBuildPhase section */

/* Begin PBXSourcesBuildPhase section */
		37136AA02CDFFE9E00A74186 /* Sources */ = {
			isa = PBXSourcesBuildPhase;
			buildActionMask = 2147483647;
			files = (
			);
			runOnlyForDeploymentPostprocessing = 0;
		};
		374B214B2D95E7D600B73804 /* Sources */ = {
			isa = PBXSourcesBuildPhase;
			buildActionMask = 2147483647;
			files = (
			);
			runOnlyForDeploymentPostprocessing = 0;
		};
		3762DE6D2CCD7308005539C2 /* Sources */ = {
			isa = PBXSourcesBuildPhase;
			buildActionMask = 2147483647;
			files = (
			);
			runOnlyForDeploymentPostprocessing = 0;
		};
/* End PBXSourcesBuildPhase section */

/* Begin PBXTargetDependency section */
		37136AA92CDFFE9E00A74186 /* PBXTargetDependency */ = {
			isa = PBXTargetDependency;
			target = 3762DE702CCD7308005539C2 /* AltWeatherCAN */;
			targetProxy = 37136AA82CDFFE9E00A74186 /* PBXContainerItemProxy */;
		};
		374B215F2D95E7D700B73804 /* PBXTargetDependency */ = {
			isa = PBXTargetDependency;
			target = 374B214E2D95E7D600B73804 /* Seven DayExtension */;
			targetProxy = 374B215E2D95E7D700B73804 /* PBXContainerItemProxy */;
		};
/* End PBXTargetDependency section */

/* Begin XCBuildConfiguration section */
		37136AAB2CDFFE9E00A74186 /* Debug */ = {
			isa = XCBuildConfiguration;
			buildSettings = {
				BUNDLE_LOADER = "$(TEST_HOST)";
				CODE_SIGN_STYLE = Automatic;
				CURRENT_PROJECT_VERSION = 1;
				GENERATE_INFOPLIST_FILE = YES;
				IPHONEOS_DEPLOYMENT_TARGET = 18.1;
				MARKETING_VERSION = 1.0;
				PRODUCT_BUNDLE_IDENTIFIER = "de.hanno-rein.AltWeatherCANTests";
				PRODUCT_NAME = "$(TARGET_NAME)";
				SWIFT_EMIT_LOC_STRINGS = NO;
				SWIFT_VERSION = 5.0;
				TARGETED_DEVICE_FAMILY = "1,2";
				TEST_HOST = "$(BUILT_PRODUCTS_DIR)/AltWeatherCAN.app/$(BUNDLE_EXECUTABLE_FOLDER_PATH)/AltWeatherCAN";
			};
			name = Debug;
		};
		37136AAC2CDFFE9E00A74186 /* Release */ = {
			isa = XCBuildConfiguration;
			buildSettings = {
				BUNDLE_LOADER = "$(TEST_HOST)";
				CODE_SIGN_STYLE = Automatic;
				CURRENT_PROJECT_VERSION = 1;
				GENERATE_INFOPLIST_FILE = YES;
				IPHONEOS_DEPLOYMENT_TARGET = 18.1;
				MARKETING_VERSION = 1.0;
				PRODUCT_BUNDLE_IDENTIFIER = "de.hanno-rein.AltWeatherCANTests";
				PRODUCT_NAME = "$(TARGET_NAME)";
				SWIFT_EMIT_LOC_STRINGS = NO;
				SWIFT_VERSION = 5.0;
				TARGETED_DEVICE_FAMILY = "1,2";
				TEST_HOST = "$(BUILT_PRODUCTS_DIR)/AltWeatherCAN.app/$(BUNDLE_EXECUTABLE_FOLDER_PATH)/AltWeatherCAN";
			};
			name = Release;
		};
		374B21622D95E7D700B73804 /* Debug */ = {
			isa = XCBuildConfiguration;
			buildSettings = {
				ASSETCATALOG_COMPILER_GLOBAL_ACCENT_COLOR_NAME = AccentColor;
				ASSETCATALOG_COMPILER_WIDGET_BACKGROUND_COLOR_NAME = WidgetBackground;
				CODE_SIGN_STYLE = Automatic;
				CURRENT_PROJECT_VERSION = 10;
				GENERATE_INFOPLIST_FILE = YES;
				INFOPLIST_FILE = "Seven Day/Info.plist";
				INFOPLIST_KEY_CFBundleDisplayName = "Seven Day";
				INFOPLIST_KEY_NSHumanReadableCopyright = "";
				IPHONEOS_DEPLOYMENT_TARGET = 18.0;
				LD_RUNPATH_SEARCH_PATHS = (
					"$(inherited)",
					"@executable_path/Frameworks",
					"@executable_path/../../Frameworks",
				);
				MARKETING_VERSION = 1.8;
				PRODUCT_BUNDLE_IDENTIFIER = "de.hanno-rein.altweathercan.Seven-Day";
				PRODUCT_NAME = "$(TARGET_NAME)";
				SKIP_INSTALL = YES;
				SWIFT_EMIT_LOC_STRINGS = YES;
				SWIFT_VERSION = 5.0;
				TARGETED_DEVICE_FAMILY = "1,2";
			};
			name = Debug;
		};
		374B21632D95E7D700B73804 /* Release */ = {
			isa = XCBuildConfiguration;
			buildSettings = {
				ASSETCATALOG_COMPILER_GLOBAL_ACCENT_COLOR_NAME = AccentColor;
				ASSETCATALOG_COMPILER_WIDGET_BACKGROUND_COLOR_NAME = WidgetBackground;
				CODE_SIGN_STYLE = Automatic;
				CURRENT_PROJECT_VERSION = 10;
				GENERATE_INFOPLIST_FILE = YES;
				INFOPLIST_FILE = "Seven Day/Info.plist";
				INFOPLIST_KEY_CFBundleDisplayName = "Seven Day";
				INFOPLIST_KEY_NSHumanReadableCopyright = "";
				IPHONEOS_DEPLOYMENT_TARGET = 18.0;
				LD_RUNPATH_SEARCH_PATHS = (
					"$(inherited)",
					"@executable_path/Frameworks",
					"@executable_path/../../Frameworks",
				);
				MARKETING_VERSION = 1.8;
				PRODUCT_BUNDLE_IDENTIFIER = "de.hanno-rein.altweathercan.Seven-Day";
				PRODUCT_NAME = "$(TARGET_NAME)";
				SKIP_INSTALL = YES;
				SWIFT_EMIT_LOC_STRINGS = YES;
				SWIFT_VERSION = 5.0;
				TARGETED_DEVICE_FAMILY = "1,2";
			};
			name = Release;
		};
		3762DE7D2CCD7309005539C2 /* Debug */ = {
			isa = XCBuildConfiguration;
			buildSettings = {
				ALWAYS_SEARCH_USER_PATHS = NO;
				ASSETCATALOG_COMPILER_GENERATE_SWIFT_ASSET_SYMBOL_EXTENSIONS = YES;
				CLANG_ANALYZER_NONNULL = YES;
				CLANG_ANALYZER_NUMBER_OBJECT_CONVERSION = YES_AGGRESSIVE;
				CLANG_CXX_LANGUAGE_STANDARD = "gnu++20";
				CLANG_ENABLE_MODULES = YES;
				CLANG_ENABLE_OBJC_ARC = YES;
				CLANG_ENABLE_OBJC_WEAK = YES;
				CLANG_WARN_BLOCK_CAPTURE_AUTORELEASING = YES;
				CLANG_WARN_BOOL_CONVERSION = YES;
				CLANG_WARN_COMMA = YES;
				CLANG_WARN_CONSTANT_CONVERSION = YES;
				CLANG_WARN_DEPRECATED_OBJC_IMPLEMENTATIONS = YES;
				CLANG_WARN_DIRECT_OBJC_ISA_USAGE = YES_ERROR;
				CLANG_WARN_DOCUMENTATION_COMMENTS = YES;
				CLANG_WARN_EMPTY_BODY = YES;
				CLANG_WARN_ENUM_CONVERSION = YES;
				CLANG_WARN_INFINITE_RECURSION = YES;
				CLANG_WARN_INT_CONVERSION = YES;
				CLANG_WARN_NON_LITERAL_NULL_CONVERSION = YES;
				CLANG_WARN_OBJC_IMPLICIT_RETAIN_SELF = YES;
				CLANG_WARN_OBJC_LITERAL_CONVERSION = YES;
				CLANG_WARN_OBJC_ROOT_CLASS = YES_ERROR;
				CLANG_WARN_QUOTED_INCLUDE_IN_FRAMEWORK_HEADER = YES;
				CLANG_WARN_RANGE_LOOP_ANALYSIS = YES;
				CLANG_WARN_STRICT_PROTOTYPES = YES;
				CLANG_WARN_SUSPICIOUS_MOVE = YES;
				CLANG_WARN_UNGUARDED_AVAILABILITY = YES_AGGRESSIVE;
				CLANG_WARN_UNREACHABLE_CODE = YES;
				CLANG_WARN__DUPLICATE_METHOD_MATCH = YES;
				COPY_PHASE_STRIP = NO;
				DEBUG_INFORMATION_FORMAT = dwarf;
				DEVELOPMENT_TEAM = 75UTLBJDJK;
				ENABLE_STRICT_OBJC_MSGSEND = YES;
				ENABLE_TESTABILITY = YES;
				ENABLE_USER_SCRIPT_SANDBOXING = YES;
				GCC_C_LANGUAGE_STANDARD = gnu17;
				GCC_DYNAMIC_NO_PIC = NO;
				GCC_NO_COMMON_BLOCKS = YES;
				GCC_OPTIMIZATION_LEVEL = 0;
				GCC_PREPROCESSOR_DEFINITIONS = (
					"DEBUG=1",
					"$(inherited)",
				);
				GCC_WARN_64_TO_32_BIT_CONVERSION = YES;
				GCC_WARN_ABOUT_RETURN_TYPE = YES_ERROR;
				GCC_WARN_UNDECLARED_SELECTOR = YES;
				GCC_WARN_UNINITIALIZED_AUTOS = YES_AGGRESSIVE;
				GCC_WARN_UNUSED_FUNCTION = YES;
				GCC_WARN_UNUSED_VARIABLE = YES;
				IPHONEOS_DEPLOYMENT_TARGET = 18.0;
				LOCALIZATION_PREFERS_STRING_CATALOGS = YES;
				MTL_ENABLE_DEBUG_INFO = INCLUDE_SOURCE;
				MTL_FAST_MATH = YES;
				ONLY_ACTIVE_ARCH = YES;
				SDKROOT = iphoneos;
				SWIFT_ACTIVE_COMPILATION_CONDITIONS = "DEBUG $(inherited)";
				SWIFT_OPTIMIZATION_LEVEL = "-Onone";
			};
			name = Debug;
		};
		3762DE7E2CCD7309005539C2 /* Release */ = {
			isa = XCBuildConfiguration;
			buildSettings = {
				ALWAYS_SEARCH_USER_PATHS = NO;
				ASSETCATALOG_COMPILER_GENERATE_SWIFT_ASSET_SYMBOL_EXTENSIONS = YES;
				CLANG_ANALYZER_NONNULL = YES;
				CLANG_ANALYZER_NUMBER_OBJECT_CONVERSION = YES_AGGRESSIVE;
				CLANG_CXX_LANGUAGE_STANDARD = "gnu++20";
				CLANG_ENABLE_MODULES = YES;
				CLANG_ENABLE_OBJC_ARC = YES;
				CLANG_ENABLE_OBJC_WEAK = YES;
				CLANG_WARN_BLOCK_CAPTURE_AUTORELEASING = YES;
				CLANG_WARN_BOOL_CONVERSION = YES;
				CLANG_WARN_COMMA = YES;
				CLANG_WARN_CONSTANT_CONVERSION = YES;
				CLANG_WARN_DEPRECATED_OBJC_IMPLEMENTATIONS = YES;
				CLANG_WARN_DIRECT_OBJC_ISA_USAGE = YES_ERROR;
				CLANG_WARN_DOCUMENTATION_COMMENTS = YES;
				CLANG_WARN_EMPTY_BODY = YES;
				CLANG_WARN_ENUM_CONVERSION = YES;
				CLANG_WARN_INFINITE_RECURSION = YES;
				CLANG_WARN_INT_CONVERSION = YES;
				CLANG_WARN_NON_LITERAL_NULL_CONVERSION = YES;
				CLANG_WARN_OBJC_IMPLICIT_RETAIN_SELF = YES;
				CLANG_WARN_OBJC_LITERAL_CONVERSION = YES;
				CLANG_WARN_OBJC_ROOT_CLASS = YES_ERROR;
				CLANG_WARN_QUOTED_INCLUDE_IN_FRAMEWORK_HEADER = YES;
				CLANG_WARN_RANGE_LOOP_ANALYSIS = YES;
				CLANG_WARN_STRICT_PROTOTYPES = YES;
				CLANG_WARN_SUSPICIOUS_MOVE = YES;
				CLANG_WARN_UNGUARDED_AVAILABILITY = YES_AGGRESSIVE;
				CLANG_WARN_UNREACHABLE_CODE = YES;
				CLANG_WARN__DUPLICATE_METHOD_MATCH = YES;
				COPY_PHASE_STRIP = NO;
				DEBUG_INFORMATION_FORMAT = "dwarf-with-dsym";
				DEVELOPMENT_TEAM = 75UTLBJDJK;
				ENABLE_NS_ASSERTIONS = NO;
				ENABLE_STRICT_OBJC_MSGSEND = YES;
				ENABLE_USER_SCRIPT_SANDBOXING = YES;
				GCC_C_LANGUAGE_STANDARD = gnu17;
				GCC_NO_COMMON_BLOCKS = YES;
				GCC_WARN_64_TO_32_BIT_CONVERSION = YES;
				GCC_WARN_ABOUT_RETURN_TYPE = YES_ERROR;
				GCC_WARN_UNDECLARED_SELECTOR = YES;
				GCC_WARN_UNINITIALIZED_AUTOS = YES_AGGRESSIVE;
				GCC_WARN_UNUSED_FUNCTION = YES;
				GCC_WARN_UNUSED_VARIABLE = YES;
				IPHONEOS_DEPLOYMENT_TARGET = 18.0;
				LOCALIZATION_PREFERS_STRING_CATALOGS = YES;
				MTL_ENABLE_DEBUG_INFO = NO;
				MTL_FAST_MATH = YES;
				SDKROOT = iphoneos;
				SWIFT_COMPILATION_MODE = wholemodule;
				VALIDATE_PRODUCT = YES;
			};
			name = Release;
		};
		3762DE802CCD7309005539C2 /* Debug */ = {
			isa = XCBuildConfiguration;
			buildSettings = {
				ASSETCATALOG_COMPILER_APPICON_NAME = AppIcon;
				ASSETCATALOG_COMPILER_GLOBAL_ACCENT_COLOR_NAME = AccentColor;
				CODE_SIGN_STYLE = Automatic;
				CURRENT_PROJECT_VERSION = 10;
				DEVELOPMENT_ASSET_PATHS = "\"AltWeatherCan/Preview Content\"";
				ENABLE_PREVIEWS = YES;
				GENERATE_INFOPLIST_FILE = YES;
				INFOPLIST_FILE = AltWeatherCan/Info.plist;
				INFOPLIST_KEY_CFBundleDisplayName = AltWeather;
				INFOPLIST_KEY_UIApplicationSceneManifest_Generation = YES;
				INFOPLIST_KEY_UIApplicationSupportsIndirectInputEvents = YES;
				INFOPLIST_KEY_UILaunchScreen_Generation = YES;
				INFOPLIST_KEY_UISupportedInterfaceOrientations_iPad = "UIInterfaceOrientationPortrait UIInterfaceOrientationPortraitUpsideDown UIInterfaceOrientationLandscapeLeft UIInterfaceOrientationLandscapeRight";
				INFOPLIST_KEY_UISupportedInterfaceOrientations_iPhone = "UIInterfaceOrientationPortrait UIInterfaceOrientationLandscapeLeft UIInterfaceOrientationLandscapeRight";
				IPHONEOS_DEPLOYMENT_TARGET = 18.0;
				LD_RUNPATH_SEARCH_PATHS = (
					"$(inherited)",
					"@executable_path/Frameworks",
				);
				MARKETING_VERSION = 1.8;
				PRODUCT_BUNDLE_IDENTIFIER = "de.hanno-rein.altweathercan";
				PRODUCT_NAME = "$(TARGET_NAME)";
				SWIFT_EMIT_LOC_STRINGS = YES;
				SWIFT_VERSION = 5.0;
				TARGETED_DEVICE_FAMILY = "1,2";
			};
			name = Debug;
		};
		3762DE812CCD7309005539C2 /* Release */ = {
			isa = XCBuildConfiguration;
			buildSettings = {
				ASSETCATALOG_COMPILER_APPICON_NAME = AppIcon;
				ASSETCATALOG_COMPILER_GLOBAL_ACCENT_COLOR_NAME = AccentColor;
				CODE_SIGN_STYLE = Automatic;
				CURRENT_PROJECT_VERSION = 10;
				DEVELOPMENT_ASSET_PATHS = "\"AltWeatherCan/Preview Content\"";
				ENABLE_PREVIEWS = YES;
				GENERATE_INFOPLIST_FILE = YES;
				INFOPLIST_FILE = AltWeatherCan/Info.plist;
				INFOPLIST_KEY_CFBundleDisplayName = AltWeather;
				INFOPLIST_KEY_UIApplicationSceneManifest_Generation = YES;
				INFOPLIST_KEY_UIApplicationSupportsIndirectInputEvents = YES;
				INFOPLIST_KEY_UILaunchScreen_Generation = YES;
				INFOPLIST_KEY_UISupportedInterfaceOrientations_iPad = "UIInterfaceOrientationPortrait UIInterfaceOrientationPortraitUpsideDown UIInterfaceOrientationLandscapeLeft UIInterfaceOrientationLandscapeRight";
				INFOPLIST_KEY_UISupportedInterfaceOrientations_iPhone = "UIInterfaceOrientationPortrait UIInterfaceOrientationLandscapeLeft UIInterfaceOrientationLandscapeRight";
				IPHONEOS_DEPLOYMENT_TARGET = 18.0;
				LD_RUNPATH_SEARCH_PATHS = (
					"$(inherited)",
					"@executable_path/Frameworks",
				);
				MARKETING_VERSION = 1.8;
				PRODUCT_BUNDLE_IDENTIFIER = "de.hanno-rein.altweathercan";
				PRODUCT_NAME = "$(TARGET_NAME)";
				SWIFT_EMIT_LOC_STRINGS = YES;
				SWIFT_VERSION = 5.0;
				TARGETED_DEVICE_FAMILY = "1,2";
			};
			name = Release;
		};
/* End XCBuildConfiguration section */

/* Begin XCConfigurationList section */
		37136AAA2CDFFE9E00A74186 /* Build configuration list for PBXNativeTarget "AltWeatherCANTests" */ = {
			isa = XCConfigurationList;
			buildConfigurations = (
				37136AAB2CDFFE9E00A74186 /* Debug */,
				37136AAC2CDFFE9E00A74186 /* Release */,
			);
			defaultConfigurationIsVisible = 0;
			defaultConfigurationName = Release;
		};
		374B21612D95E7D700B73804 /* Build configuration list for PBXNativeTarget "Seven DayExtension" */ = {
			isa = XCConfigurationList;
			buildConfigurations = (
				374B21622D95E7D700B73804 /* Debug */,
				374B21632D95E7D700B73804 /* Release */,
			);
			defaultConfigurationIsVisible = 0;
			defaultConfigurationName = Release;
		};
		3762DE6C2CCD7308005539C2 /* Build configuration list for PBXProject "AltWeatherCAN" */ = {
			isa = XCConfigurationList;
			buildConfigurations = (
				3762DE7D2CCD7309005539C2 /* Debug */,
				3762DE7E2CCD7309005539C2 /* Release */,
			);
			defaultConfigurationIsVisible = 0;
			defaultConfigurationName = Release;
		};
		3762DE7F2CCD7309005539C2 /* Build configuration list for PBXNativeTarget "AltWeatherCAN" */ = {
			isa = XCConfigurationList;
			buildConfigurations = (
				3762DE802CCD7309005539C2 /* Debug */,
				3762DE812CCD7309005539C2 /* Release */,
			);
			defaultConfigurationIsVisible = 0;
			defaultConfigurationName = Release;
		};
/* End XCConfigurationList section */

/* Begin XCRemoteSwiftPackageReference section */
		3762DE882CCD75D1005539C2 /* XCRemoteSwiftPackageReference "XMLCoder" */ = {
			isa = XCRemoteSwiftPackageReference;
			repositoryURL = "https://github.com/CoreOffice/XMLCoder.git";
			requirement = {
				kind = upToNextMajorVersion;
				minimumVersion = 0.17.1;
			};
		};
/* End XCRemoteSwiftPackageReference section */

/* Begin XCSwiftPackageProductDependency section */
		37136AB32CE0031600A74186 /* XMLCoder */ = {
			isa = XCSwiftPackageProductDependency;
			package = 3762DE882CCD75D1005539C2 /* XCRemoteSwiftPackageReference "XMLCoder" */;
			productName = XMLCoder;
		};
		374B216B2D95EC9600B73804 /* XMLCoder */ = {
			isa = XCSwiftPackageProductDependency;
			package = 3762DE882CCD75D1005539C2 /* XCRemoteSwiftPackageReference "XMLCoder" */;
			productName = XMLCoder;
		};
		3762DE892CCD75D1005539C2 /* XMLCoder */ = {
			isa = XCSwiftPackageProductDependency;
			package = 3762DE882CCD75D1005539C2 /* XCRemoteSwiftPackageReference "XMLCoder" */;
			productName = XMLCoder;
		};
/* End XCSwiftPackageProductDependency section */
	};
	rootObject = 3762DE692CCD7308005539C2 /* Project object */;
}
